<Project ToolsVersion="4.0" xmlns="http://schemas.microsoft.com/developer/msbuild/2003">
  <ItemGroup>
    <Filter Include="Source Files">
      <UniqueIdentifier>{4FC737F1-C7A5-4376-A066-2A32D752A2FF}</UniqueIdentifier>
      <Extensions>cpp;c;cc;cxx;def;odl;idl;hpj;bat;asm;asmx</Extensions>
    </Filter>
    <Filter Include="Header Files">
      <UniqueIdentifier>{93995380-89BD-4b04-88EB-625FBE52EBFB}</UniqueIdentifier>
      <Extensions>h;hpp;hxx;hm;inl;inc;xsd</Extensions>
    </Filter>
    <Filter Include="Resource Files">
      <UniqueIdentifier>{67DA6AB6-F800-4c08-8B7A-83BB121AAD01}</UniqueIdentifier>
      <Extensions>rc;ico;cur;bmp;dlg;rc2;rct;bin;rgs;gif;jpg;jpeg;jpe;resx;tiff;tif;png;wav</Extensions>
    </Filter>
    <Filter Include="Blocks">
      <UniqueIdentifier>{530A7729-DE95-4C8A-8F08-F9A6E828730C}</UniqueIdentifier>
    </Filter>
    <Filter Include="Blocks\RTR">
      <UniqueIdentifier>{4020BBFC-F7B3-4C1E-AE40-4AC3FDD93FB8}</UniqueIdentifier>
    </Filter>
    <Filter Include="Blocks\RTR\src">
      <UniqueIdentifier>{D73836F9-7DA9-4423-92E4-7AAC6A485DD7}</UniqueIdentifier>
    </Filter>
    <Filter Include="Blocks\RTR\src\RTR">
      <UniqueIdentifier>{87D86846-6CF5-45D9-9941-0BBC56018E62}</UniqueIdentifier>
    </Filter>
    <Filter Include="Blocks\RTR\include">
      <UniqueIdentifier>{D3E0233D-2BCD-43E2-8F07-BACB99CD69CC}</UniqueIdentifier>
    </Filter>
    <Filter Include="Blocks\RTR\include\RTR">
      <UniqueIdentifier>{1FBAF2C4-3A4A-4544-8A5E-3163E553FB48}</UniqueIdentifier>
    </Filter>
  </ItemGroup>
  <ItemGroup>
    <ClCompile Include="..\src\MultipassApp.cpp">
      <Filter>Source Files</Filter>
    </ClCompile>
    <ClInclude Include="..\include\Resources.h">
      <Filter>Header Files</Filter>
    </ClInclude>
    <ClCompile Include="..\src\MultipassApp.cpp">
      <Filter>Source Files</Filter>
    </ClCompile>
    <ClCompile Include="..\blocks\RTR\src\RTR\Material.cpp">
      <Filter>Blocks\RTR\src\RTR</Filter>
    </ClCompile>
    <ClCompile Include="..\blocks\RTR\src\RTR\ObjLoader.cpp">
      <Filter>Blocks\RTR\src\RTR</Filter>
    </ClCompile>
    <ClCompile Include="..\blocks\RTR\src\RTR\SceneGraph.cpp">
      <Filter>Blocks\RTR\src\RTR</Filter>
    </ClCompile>
    <ClCompile Include="..\blocks\RTR\src\RTR\WatchThis.cpp">
      <Filter>Blocks\RTR\src\RTR</Filter>
    </ClCompile>
    <ClCompile Include="..\blocks\RTR\src\RTR\tiny_obj_loader.cc">
      <Filter>Blocks\RTR\src\RTR</Filter>
    </ClCompile>
    <ClInclude Include="..\blocks\RTR\include\RTR\Material.hpp">
      <Filter>Blocks\RTR\include\RTR</Filter>
    </ClInclude>
    <ClInclude Include="..\blocks\RTR\include\RTR\ObjLoader.hpp">
      <Filter>Blocks\RTR\include\RTR</Filter>
    </ClInclude>
    <ClInclude Include="..\blocks\RTR\include\RTR\SceneGraph.hpp">
      <Filter>Blocks\RTR\include\RTR</Filter>
    </ClInclude>
    <ClInclude Include="..\blocks\RTR\include\RTR\WatchThis.hpp">
      <Filter>Blocks\RTR\include\RTR</Filter>
    </ClInclude>
    <ClInclude Include="..\blocks\RTR\include\RTR\Resources.h">
      <Filter>Blocks\RTR\include\RTR</Filter>
    </ClInclude>
    <ClInclude Include="..\blocks\RTR\include\RTR\RTR.h">
      <Filter>Blocks\RTR\include\RTR</Filter>
    </ClInclude>
    <ClInclude Include="..\blocks\RTR\include\RTR\tiny_obj_loader.h">
      <Filter>Blocks\RTR\include\RTR</Filter>
    </ClInclude>
    <ClInclude Include="..\blocks\RTR\include\RTR\RTR.h">
      <Filter>Blocks\RTR\include\RTR</Filter>
    </ClInclude>
  </ItemGroup>
  <ItemGroup>
    <ClInclude Include="..\include\Resources.h">
      <Filter>Header Files</Filter>
    </ClInclude>
  </ItemGroup>
  <ItemGroup>
    <ResourceCompile Include="Resources.rc">
      <Filter>Resource Files</Filter>
    </ResourceCompile>
  </ItemGroup>
</Project>
